
Microsoft Visual Studio Solution File, Format Version 12.00
# Visual Studio Version 16
VisualStudioVersion = 16.0.30114.105
MinimumVisualStudioVersion = 10.0.40219.1
Project("{2150E333-8FDC-42A3-9474-1A3956D46DE8}") = "src", "src", "{32951B77-768E-4784-9764-85395F586345}"
EndProject
Project("{FAE04EC0-301F-11D3-BF4B-00C04F79EFBC}") = "WebAuthnSample", "src\WebAuthnSample\WebAuthnSample.csproj", "{933E08E9-40C9-4862-BE8E-B8404B828167}"
EndProject
Global
	GlobalSection(SolutionConfigurationPlatforms) = preSolution
		Debug|Any CPU = Debug|Any CPU
		Release|Any CPU = Release|Any CPU
	EndGlobalSection
	GlobalSection(SolutionProperties) = preSolution
		HideSolutionNode = FALSE
	EndGlobalSection
	GlobalSection(ProjectConfigurationPlatforms) = postSolution
		{933E08E9-40C9-4862-BE8E-B8404B828167}.Debug|Any CPU.ActiveCfg = Debug|Any CPU
		{933E08E9-40C9-4862-BE8E-B8404B828167}.Debug|Any CPU.Build.0 = Debug|Any CPU
		{933E08E9-40C9-4862-BE8E-B8404B828167}.Release|Any CPU.ActiveCfg = Release|Any CPU
		{933E08E9-40C9-4862-BE8E-B8404B828167}.Release|Any CPU.Build.0 = Release|Any CPU
	EndGlobalSection
	GlobalSection(NestedProjects) = preSolution
		{933E08E9-40C9-4862-BE8E-B8404B828167} = {32951B77-768E-4784-9764-85395F586345}
	EndGlobalSection
EndGlobal
